
Microsoft Visual Studio Solution File, Format Version 12.00
# Visual Studio 15
VisualStudioVersion = 15.0.28307.168
MinimumVisualStudioVersion = 10.0.40219.1
Project("{9092AA53-FB77-4645-B42D-1CCCA6BD08BD}") = "new-heroes", "new-heroes.njsproj", "{846266A6-7F16-4F6F-9C90-BE83F9B8870D}"
EndProject
Global
	GlobalSection(SolutionConfigurationPlatforms) = preSolution
		Debug|Any CPU = Debug|Any CPU
		Release|Any CPU = Release|Any CPU
	EndGlobalSection
	GlobalSection(ProjectConfigurationPlatforms) = postSolution
		{846266A6-7F16-4F6F-9C90-BE83F9B8870D}.Debug|Any CPU.ActiveCfg = Debug|Any CPU
		{846266A6-7F16-4F6F-9C90-BE83F9B8870D}.Debug|Any CPU.Build.0 = Debug|Any CPU
		{846266A6-7F16-4F6F-9C90-BE83F9B8870D}.Release|Any CPU.ActiveCfg = Release|Any CPU
		{846266A6-7F16-4F6F-9C90-BE83F9B8870D}.Release|Any CPU.Build.0 = Release|Any CPU
	EndGlobalSection
	GlobalSection(SolutionProperties) = preSolution
		HideSolutionNode = FALSE
	EndGlobalSection
	GlobalSection(ExtensibilityGlobals) = postSolution
		SolutionGuid = {400DA82D-C6C3-47A8-AD5B-60B19DC1E5C5}
	EndGlobalSection
EndGlobal
